
Microsoft Visual Studio Solution File, Format Version 12.00
# Visual Studio Version 17
VisualStudioVersion = 17.14.36429.23 d17.14
MinimumVisualStudioVersion = 10.0.40219.1
Project("{FAE04EC0-301F-11D3-BF4B-00C04F79EFBC}") = "ExpresionesTryCatch", "ExpresionesTryCatch\ExpresionesTryCatch.csproj", "{C11E1C24-FC30-45F1-87C3-B6E4C8395302}"
EndProject
Global
	GlobalSection(SolutionConfigurationPlatforms) = preSolution
		Debug|Any CPU = Debug|Any CPU
		Release|Any CPU = Release|Any CPU
	EndGlobalSection
	GlobalSection(ProjectConfigurationPlatforms) = postSolution
		{C11E1C24-FC30-45F1-87C3-B6E4C8395302}.Debug|Any CPU.ActiveCfg = Debug|Any CPU
		{C11E1C24-FC30-45F1-87C3-B6E4C8395302}.Debug|Any CPU.Build.0 = Debug|Any CPU
		{C11E1C24-FC30-45F1-87C3-B6E4C8395302}.Release|Any CPU.ActiveCfg = Release|Any CPU
		{C11E1C24-FC30-45F1-87C3-B6E4C8395302}.Release|Any CPU.Build.0 = Release|Any CPU
	EndGlobalSection
	GlobalSection(SolutionProperties) = preSolution
		HideSolutionNode = FALSE
	EndGlobalSection
	GlobalSection(ExtensibilityGlobals) = postSolution
		SolutionGuid = {0D1B85D5-8930-4154-A34C-6A1E63A2BBF8}
	EndGlobalSection
EndGlobal
