
Microsoft Visual Studio Solution File, Format Version 12.00
# Visual Studio Version 17
VisualStudioVersion = 17.14.36429.23 d17.14
MinimumVisualStudioVersion = 10.0.40219.1
Project("{FAE04EC0-301F-11D3-BF4B-00C04F79EFBC}") = "ArraysList", "Colecciones\ArraysList.csproj", "{9C86F953-3A0F-4A34-BB76-CB44EA795D8E}"
EndProject
Project("{FAE04EC0-301F-11D3-BF4B-00C04F79EFBC}") = "Coleccion_Stack", "Coleccion_Stack\Coleccion_Stack.csproj", "{88D8E6BE-321B-4E73-A429-66E96295C959}"
EndProject
Project("{FAE04EC0-301F-11D3-BF4B-00C04F79EFBC}") = "Coleccion_Queue", "Coleccion_Queue\Coleccion_Queue.csproj", "{23B722DF-011F-4A92-978C-9A7050C0EC9C}"
EndProject
Project("{FAE04EC0-301F-11D3-BF4B-00C04F79EFBC}") = "Coleccion_Hashtable", "Coleccion_Hashtable\Coleccion_Hashtable.csproj", "{C9B6F91C-4F05-41D8-9064-0104145A0FE2}"
EndProject
Global
	GlobalSection(SolutionConfigurationPlatforms) = preSolution
		Debug|Any CPU = Debug|Any CPU
		Release|Any CPU = Release|Any CPU
	EndGlobalSection
	GlobalSection(ProjectConfigurationPlatforms) = postSolution
		{9C86F953-3A0F-4A34-BB76-CB44EA795D8E}.Debug|Any CPU.ActiveCfg = Debug|Any CPU
		{9C86F953-3A0F-4A34-BB76-CB44EA795D8E}.Debug|Any CPU.Build.0 = Debug|Any CPU
		{9C86F953-3A0F-4A34-BB76-CB44EA795D8E}.Release|Any CPU.ActiveCfg = Release|Any CPU
		{9C86F953-3A0F-4A34-BB76-CB44EA795D8E}.Release|Any CPU.Build.0 = Release|Any CPU
		{88D8E6BE-321B-4E73-A429-66E96295C959}.Debug|Any CPU.ActiveCfg = Debug|Any CPU
		{88D8E6BE-321B-4E73-A429-66E96295C959}.Debug|Any CPU.Build.0 = Debug|Any CPU
		{88D8E6BE-321B-4E73-A429-66E96295C959}.Release|Any CPU.ActiveCfg = Release|Any CPU
		{88D8E6BE-321B-4E73-A429-66E96295C959}.Release|Any CPU.Build.0 = Release|Any CPU
		{23B722DF-011F-4A92-978C-9A7050C0EC9C}.Debug|Any CPU.ActiveCfg = Debug|Any CPU
		{23B722DF-011F-4A92-978C-9A7050C0EC9C}.Debug|Any CPU.Build.0 = Debug|Any CPU
		{23B722DF-011F-4A92-978C-9A7050C0EC9C}.Release|Any CPU.ActiveCfg = Release|Any CPU
		{23B722DF-011F-4A92-978C-9A7050C0EC9C}.Release|Any CPU.Build.0 = Release|Any CPU
		{C9B6F91C-4F05-41D8-9064-0104145A0FE2}.Debug|Any CPU.ActiveCfg = Debug|Any CPU
		{C9B6F91C-4F05-41D8-9064-0104145A0FE2}.Debug|Any CPU.Build.0 = Debug|Any CPU
		{C9B6F91C-4F05-41D8-9064-0104145A0FE2}.Release|Any CPU.ActiveCfg = Release|Any CPU
		{C9B6F91C-4F05-41D8-9064-0104145A0FE2}.Release|Any CPU.Build.0 = Release|Any CPU
	EndGlobalSection
	GlobalSection(SolutionProperties) = preSolution
		HideSolutionNode = FALSE
	EndGlobalSection
	GlobalSection(ExtensibilityGlobals) = postSolution
		SolutionGuid = {DBDDEEEC-6CFF-4BC3-BB95-9F064366BA7B}
	EndGlobalSection
EndGlobal
