
Microsoft Visual Studio Solution File, Format Version 12.00
# Visual Studio Version 17
VisualStudioVersion = 17.14.36429.23 d17.14
MinimumVisualStudioVersion = 10.0.40219.1
Project("{FAE04EC0-301F-11D3-BF4B-00C04F79EFBC}") = "Almacen", "Almacen\Almacen.csproj", "{64652C6F-E7A1-427F-B5A7-7C11FA7DD544}"
EndProject
Global
	GlobalSection(SolutionConfigurationPlatforms) = preSolution
		Debug|Any CPU = Debug|Any CPU
		Release|Any CPU = Release|Any CPU
	EndGlobalSection
	GlobalSection(ProjectConfigurationPlatforms) = postSolution
		{64652C6F-E7A1-427F-B5A7-7C11FA7DD544}.Debug|Any CPU.ActiveCfg = Debug|Any CPU
		{64652C6F-E7A1-427F-B5A7-7C11FA7DD544}.Debug|Any CPU.Build.0 = Debug|Any CPU
		{64652C6F-E7A1-427F-B5A7-7C11FA7DD544}.Release|Any CPU.ActiveCfg = Release|Any CPU
		{64652C6F-E7A1-427F-B5A7-7C11FA7DD544}.Release|Any CPU.Build.0 = Release|Any CPU
	EndGlobalSection
	GlobalSection(SolutionProperties) = preSolution
		HideSolutionNode = FALSE
	EndGlobalSection
	GlobalSection(ExtensibilityGlobals) = postSolution
		SolutionGuid = {BDB0F9A5-795C-4BA0-A9CA-C496AFD84265}
	EndGlobalSection
EndGlobal
