
Microsoft Visual Studio Solution File, Format Version 12.00
# Visual Studio Version 17
VisualStudioVersion = 17.14.36429.23 d17.14
MinimumVisualStudioVersion = 10.0.40219.1
Project("{FAE04EC0-301F-11D3-BF4B-00C04F79EFBC}") = "Cadenas_String", "Cadenas_String\Cadenas_String.csproj", "{43495C1B-7257-4ECD-B9DF-AA4990B7133C}"
EndProject
Global
	GlobalSection(SolutionConfigurationPlatforms) = preSolution
		Debug|Any CPU = Debug|Any CPU
		Release|Any CPU = Release|Any CPU
	EndGlobalSection
	GlobalSection(ProjectConfigurationPlatforms) = postSolution
		{43495C1B-7257-4ECD-B9DF-AA4990B7133C}.Debug|Any CPU.ActiveCfg = Debug|Any CPU
		{43495C1B-7257-4ECD-B9DF-AA4990B7133C}.Debug|Any CPU.Build.0 = Debug|Any CPU
		{43495C1B-7257-4ECD-B9DF-AA4990B7133C}.Release|Any CPU.ActiveCfg = Release|Any CPU
		{43495C1B-7257-4ECD-B9DF-AA4990B7133C}.Release|Any CPU.Build.0 = Release|Any CPU
	EndGlobalSection
	GlobalSection(SolutionProperties) = preSolution
		HideSolutionNode = FALSE
	EndGlobalSection
	GlobalSection(ExtensibilityGlobals) = postSolution
		SolutionGuid = {B4F0A824-F66C-4EE3-B301-48050868BE10}
	EndGlobalSection
EndGlobal
