
Microsoft Visual Studio Solution File, Format Version 12.00
# Visual Studio Version 17
VisualStudioVersion = 17.14.36429.23 d17.14
MinimumVisualStudioVersion = 10.0.40219.1
Project("{FAE04EC0-301F-11D3-BF4B-00C04F79EFBC}") = "Estructuras", "Estructuras\Estructuras.csproj", "{A51AF774-52DC-4E54-8995-B1A79784C106}"
EndProject
Global
	GlobalSection(SolutionConfigurationPlatforms) = preSolution
		Debug|Any CPU = Debug|Any CPU
		Release|Any CPU = Release|Any CPU
	EndGlobalSection
	GlobalSection(ProjectConfigurationPlatforms) = postSolution
		{A51AF774-52DC-4E54-8995-B1A79784C106}.Debug|Any CPU.ActiveCfg = Debug|Any CPU
		{A51AF774-52DC-4E54-8995-B1A79784C106}.Debug|Any CPU.Build.0 = Debug|Any CPU
		{A51AF774-52DC-4E54-8995-B1A79784C106}.Release|Any CPU.ActiveCfg = Release|Any CPU
		{A51AF774-52DC-4E54-8995-B1A79784C106}.Release|Any CPU.Build.0 = Release|Any CPU
	EndGlobalSection
	GlobalSection(SolutionProperties) = preSolution
		HideSolutionNode = FALSE
	EndGlobalSection
	GlobalSection(ExtensibilityGlobals) = postSolution
		SolutionGuid = {D51DF913-E60C-4D59-B2AA-86C17DE45CC7}
	EndGlobalSection
EndGlobal
