
Microsoft Visual Studio Solution File, Format Version 12.00
# Visual Studio Version 17
VisualStudioVersion = 17.14.36603.0 d17.14
MinimumVisualStudioVersion = 10.0.40219.1
Project("{FAE04EC0-301F-11D3-BF4B-00C04F79EFBC}") = "Ejercicio1ASP", "Ejercicio1ASP\Ejercicio1ASP.csproj", "{B0C879B4-4718-4C0F-B951-5A7A6B3AF4FB}"
EndProject
Global
	GlobalSection(SolutionConfigurationPlatforms) = preSolution
		Debug|Any CPU = Debug|Any CPU
		Release|Any CPU = Release|Any CPU
	EndGlobalSection
	GlobalSection(ProjectConfigurationPlatforms) = postSolution
		{B0C879B4-4718-4C0F-B951-5A7A6B3AF4FB}.Debug|Any CPU.ActiveCfg = Debug|Any CPU
		{B0C879B4-4718-4C0F-B951-5A7A6B3AF4FB}.Debug|Any CPU.Build.0 = Debug|Any CPU
		{B0C879B4-4718-4C0F-B951-5A7A6B3AF4FB}.Release|Any CPU.ActiveCfg = Release|Any CPU
		{B0C879B4-4718-4C0F-B951-5A7A6B3AF4FB}.Release|Any CPU.Build.0 = Release|Any CPU
	EndGlobalSection
	GlobalSection(SolutionProperties) = preSolution
		HideSolutionNode = FALSE
	EndGlobalSection
	GlobalSection(ExtensibilityGlobals) = postSolution
		SolutionGuid = {69221B14-F645-4ABC-9094-10D49B0978F2}
	EndGlobalSection
EndGlobal
