
Microsoft Visual Studio Solution File, Format Version 12.00
# Visual Studio Version 17
VisualStudioVersion = 17.14.36429.23 d17.14
MinimumVisualStudioVersion = 10.0.40219.1
Project("{FAE04EC0-301F-11D3-BF4B-00C04F79EFBC}") = "WindowsForms", "WindowsForms\WindowsForms.csproj", "{B5E8620D-B25D-42BE-B41B-9BD950D12D52}"
EndProject
Project("{FAE04EC0-301F-11D3-BF4B-00C04F79EFBC}") = "ContenedorMDI", "ContenedorMDI\ContenedorMDI.csproj", "{C0DB4282-F909-4C01-BCD2-65407465879F}"
EndProject
Project("{FAE04EC0-301F-11D3-BF4B-00C04F79EFBC}") = "ProgramandoEventos", "ProgramandoEventos\ProgramandoEventos.csproj", "{05F35299-3743-4E48-BB1F-9A29995C9525}"
EndProject
Global
	GlobalSection(SolutionConfigurationPlatforms) = preSolution
		Debug|Any CPU = Debug|Any CPU
		Release|Any CPU = Release|Any CPU
	EndGlobalSection
	GlobalSection(ProjectConfigurationPlatforms) = postSolution
		{B5E8620D-B25D-42BE-B41B-9BD950D12D52}.Debug|Any CPU.ActiveCfg = Debug|Any CPU
		{B5E8620D-B25D-42BE-B41B-9BD950D12D52}.Debug|Any CPU.Build.0 = Debug|Any CPU
		{B5E8620D-B25D-42BE-B41B-9BD950D12D52}.Release|Any CPU.ActiveCfg = Release|Any CPU
		{B5E8620D-B25D-42BE-B41B-9BD950D12D52}.Release|Any CPU.Build.0 = Release|Any CPU
		{C0DB4282-F909-4C01-BCD2-65407465879F}.Debug|Any CPU.ActiveCfg = Debug|Any CPU
		{C0DB4282-F909-4C01-BCD2-65407465879F}.Debug|Any CPU.Build.0 = Debug|Any CPU
		{C0DB4282-F909-4C01-BCD2-65407465879F}.Release|Any CPU.ActiveCfg = Release|Any CPU
		{C0DB4282-F909-4C01-BCD2-65407465879F}.Release|Any CPU.Build.0 = Release|Any CPU
		{05F35299-3743-4E48-BB1F-9A29995C9525}.Debug|Any CPU.ActiveCfg = Debug|Any CPU
		{05F35299-3743-4E48-BB1F-9A29995C9525}.Debug|Any CPU.Build.0 = Debug|Any CPU
		{05F35299-3743-4E48-BB1F-9A29995C9525}.Release|Any CPU.ActiveCfg = Release|Any CPU
		{05F35299-3743-4E48-BB1F-9A29995C9525}.Release|Any CPU.Build.0 = Release|Any CPU
	EndGlobalSection
	GlobalSection(SolutionProperties) = preSolution
		HideSolutionNode = FALSE
	EndGlobalSection
	GlobalSection(ExtensibilityGlobals) = postSolution
		SolutionGuid = {B114983F-93F6-4BF7-ADCD-B0D938445D3E}
	EndGlobalSection
EndGlobal
