
Microsoft Visual Studio Solution File, Format Version 12.00
# Visual Studio Version 17
VisualStudioVersion = 17.14.36429.23 d17.14
MinimumVisualStudioVersion = 10.0.40219.1
Project("{FAE04EC0-301F-11D3-BF4B-00C04F79EFBC}") = "VideojuegoSnake", "VideojuegoSnake\VideojuegoSnake.csproj", "{17AF8D94-3DBD-4E85-9454-A0E3601149A5}"
EndProject
Project("{FAE04EC0-301F-11D3-BF4B-00C04F79EFBC}") = "VideojuegoSnake_2.0", "VideojuegoSnake_2.0\VideojuegoSnake_2.0.csproj", "{0D436A86-5509-4A11-9890-4DA57D2440F0}"
EndProject
Project("{FAE04EC0-301F-11D3-BF4B-00C04F79EFBC}") = "VideojuegoSnake_3.0", "VideojuegoSnake_3.0\VideojuegoSnake_3.0.csproj", "{226E6201-6E58-4B99-9DFD-15C9040CEB87}"
EndProject
Global
	GlobalSection(SolutionConfigurationPlatforms) = preSolution
		Debug|Any CPU = Debug|Any CPU
		Release|Any CPU = Release|Any CPU
	EndGlobalSection
	GlobalSection(ProjectConfigurationPlatforms) = postSolution
		{17AF8D94-3DBD-4E85-9454-A0E3601149A5}.Debug|Any CPU.ActiveCfg = Debug|Any CPU
		{17AF8D94-3DBD-4E85-9454-A0E3601149A5}.Debug|Any CPU.Build.0 = Debug|Any CPU
		{17AF8D94-3DBD-4E85-9454-A0E3601149A5}.Release|Any CPU.ActiveCfg = Release|Any CPU
		{17AF8D94-3DBD-4E85-9454-A0E3601149A5}.Release|Any CPU.Build.0 = Release|Any CPU
		{0D436A86-5509-4A11-9890-4DA57D2440F0}.Debug|Any CPU.ActiveCfg = Debug|Any CPU
		{0D436A86-5509-4A11-9890-4DA57D2440F0}.Debug|Any CPU.Build.0 = Debug|Any CPU
		{0D436A86-5509-4A11-9890-4DA57D2440F0}.Release|Any CPU.ActiveCfg = Release|Any CPU
		{0D436A86-5509-4A11-9890-4DA57D2440F0}.Release|Any CPU.Build.0 = Release|Any CPU
		{226E6201-6E58-4B99-9DFD-15C9040CEB87}.Debug|Any CPU.ActiveCfg = Debug|Any CPU
		{226E6201-6E58-4B99-9DFD-15C9040CEB87}.Debug|Any CPU.Build.0 = Debug|Any CPU
		{226E6201-6E58-4B99-9DFD-15C9040CEB87}.Release|Any CPU.ActiveCfg = Release|Any CPU
		{226E6201-6E58-4B99-9DFD-15C9040CEB87}.Release|Any CPU.Build.0 = Release|Any CPU
	EndGlobalSection
	GlobalSection(SolutionProperties) = preSolution
		HideSolutionNode = FALSE
	EndGlobalSection
	GlobalSection(ExtensibilityGlobals) = postSolution
		SolutionGuid = {05661656-BBEA-42FF-A090-FD8CF87C96B3}
	EndGlobalSection
EndGlobal
