
Microsoft Visual Studio Solution File, Format Version 12.00
# Visual Studio Version 17
VisualStudioVersion = 17.14.36429.23 d17.14
MinimumVisualStudioVersion = 10.0.40219.1
Project("{FAE04EC0-301F-11D3-BF4B-00C04F79EFBC}") = "Ejercicios", "Ejercicios\Ejercicios.csproj", "{9CB3BCCB-0E20-4F55-8C30-E46E746FDCEA}"
EndProject
Global
	GlobalSection(SolutionConfigurationPlatforms) = preSolution
		Debug|Any CPU = Debug|Any CPU
		Release|Any CPU = Release|Any CPU
	EndGlobalSection
	GlobalSection(ProjectConfigurationPlatforms) = postSolution
		{9CB3BCCB-0E20-4F55-8C30-E46E746FDCEA}.Debug|Any CPU.ActiveCfg = Debug|Any CPU
		{9CB3BCCB-0E20-4F55-8C30-E46E746FDCEA}.Debug|Any CPU.Build.0 = Debug|Any CPU
		{9CB3BCCB-0E20-4F55-8C30-E46E746FDCEA}.Release|Any CPU.ActiveCfg = Release|Any CPU
		{9CB3BCCB-0E20-4F55-8C30-E46E746FDCEA}.Release|Any CPU.Build.0 = Release|Any CPU
	EndGlobalSection
	GlobalSection(SolutionProperties) = preSolution
		HideSolutionNode = FALSE
	EndGlobalSection
	GlobalSection(ExtensibilityGlobals) = postSolution
		SolutionGuid = {AC522A3F-FFA7-49E9-9F42-55C15CF1E85D}
	EndGlobalSection
EndGlobal
