
Microsoft Visual Studio Solution File, Format Version 12.00
# Visual Studio Version 17
VisualStudioVersion = 17.14.36429.23
MinimumVisualStudioVersion = 10.0.40219.1
Project("{FAE04EC0-301F-11D3-BF4B-00C04F79EFBC}") = "CicloFor", "CicloFor\CicloFor.csproj", "{52D16BD3-F64F-4D20-B174-0D88BE4F16FC}"
EndProject
Project("{FAE04EC0-301F-11D3-BF4B-00C04F79EFBC}") = "ClicloForeach", "ClicloForeach\ClicloForeach.csproj", "{42ACEAF2-1579-45B6-B125-0CECEC9DA25F}"
EndProject
Project("{FAE04EC0-301F-11D3-BF4B-00C04F79EFBC}") = "ClicloWhile", "ClicloWhile\ClicloWhile.csproj", "{F466977C-FD55-4612-B1D8-4F6292BDC241}"
EndProject
Project("{FAE04EC0-301F-11D3-BF4B-00C04F79EFBC}") = "ClicloDoWhile", "ClicloDoWhile\ClicloDoWhile.csproj", "{653690DC-3FB2-49AA-96C4-BA42C7AE3FD5}"
EndProject
Project("{FAE04EC0-301F-11D3-BF4B-00C04F79EFBC}") = "Break_Continue_GoTo", "Break_Continue_GoTo\Break_Continue_GoTo.csproj", "{6F35F7C4-5CBB-4408-B5BF-71C9869DF7D2}"
EndProject
Project("{FAE04EC0-301F-11D3-BF4B-00C04F79EFBC}") = "Ejercicio", "Ejercicio\Ejercicio.csproj", "{C6EE6787-558F-4F90-A6FB-E398E39B4F4E}"
EndProject
Global
	GlobalSection(SolutionConfigurationPlatforms) = preSolution
		Debug|Any CPU = Debug|Any CPU
		Release|Any CPU = Release|Any CPU
	EndGlobalSection
	GlobalSection(ProjectConfigurationPlatforms) = postSolution
		{52D16BD3-F64F-4D20-B174-0D88BE4F16FC}.Debug|Any CPU.ActiveCfg = Debug|Any CPU
		{52D16BD3-F64F-4D20-B174-0D88BE4F16FC}.Debug|Any CPU.Build.0 = Debug|Any CPU
		{52D16BD3-F64F-4D20-B174-0D88BE4F16FC}.Release|Any CPU.ActiveCfg = Release|Any CPU
		{52D16BD3-F64F-4D20-B174-0D88BE4F16FC}.Release|Any CPU.Build.0 = Release|Any CPU
		{42ACEAF2-1579-45B6-B125-0CECEC9DA25F}.Debug|Any CPU.ActiveCfg = Debug|Any CPU
		{42ACEAF2-1579-45B6-B125-0CECEC9DA25F}.Debug|Any CPU.Build.0 = Debug|Any CPU
		{42ACEAF2-1579-45B6-B125-0CECEC9DA25F}.Release|Any CPU.ActiveCfg = Release|Any CPU
		{42ACEAF2-1579-45B6-B125-0CECEC9DA25F}.Release|Any CPU.Build.0 = Release|Any CPU
		{F466977C-FD55-4612-B1D8-4F6292BDC241}.Debug|Any CPU.ActiveCfg = Debug|Any CPU
		{F466977C-FD55-4612-B1D8-4F6292BDC241}.Debug|Any CPU.Build.0 = Debug|Any CPU
		{F466977C-FD55-4612-B1D8-4F6292BDC241}.Release|Any CPU.ActiveCfg = Release|Any CPU
		{F466977C-FD55-4612-B1D8-4F6292BDC241}.Release|Any CPU.Build.0 = Release|Any CPU
		{653690DC-3FB2-49AA-96C4-BA42C7AE3FD5}.Debug|Any CPU.ActiveCfg = Debug|Any CPU
		{653690DC-3FB2-49AA-96C4-BA42C7AE3FD5}.Debug|Any CPU.Build.0 = Debug|Any CPU
		{653690DC-3FB2-49AA-96C4-BA42C7AE3FD5}.Release|Any CPU.ActiveCfg = Release|Any CPU
		{653690DC-3FB2-49AA-96C4-BA42C7AE3FD5}.Release|Any CPU.Build.0 = Release|Any CPU
		{6F35F7C4-5CBB-4408-B5BF-71C9869DF7D2}.Debug|Any CPU.ActiveCfg = Debug|Any CPU
		{6F35F7C4-5CBB-4408-B5BF-71C9869DF7D2}.Debug|Any CPU.Build.0 = Debug|Any CPU
		{6F35F7C4-5CBB-4408-B5BF-71C9869DF7D2}.Release|Any CPU.ActiveCfg = Release|Any CPU
		{6F35F7C4-5CBB-4408-B5BF-71C9869DF7D2}.Release|Any CPU.Build.0 = Release|Any CPU
		{C6EE6787-558F-4F90-A6FB-E398E39B4F4E}.Debug|Any CPU.ActiveCfg = Debug|Any CPU
		{C6EE6787-558F-4F90-A6FB-E398E39B4F4E}.Debug|Any CPU.Build.0 = Debug|Any CPU
		{C6EE6787-558F-4F90-A6FB-E398E39B4F4E}.Release|Any CPU.ActiveCfg = Release|Any CPU
		{C6EE6787-558F-4F90-A6FB-E398E39B4F4E}.Release|Any CPU.Build.0 = Release|Any CPU
	EndGlobalSection
	GlobalSection(SolutionProperties) = preSolution
		HideSolutionNode = FALSE
	EndGlobalSection
	GlobalSection(ExtensibilityGlobals) = postSolution
		SolutionGuid = {FC69AD91-FDCA-4CDF-8F02-5D7919C44104}
	EndGlobalSection
EndGlobal
