
Microsoft Visual Studio Solution File, Format Version 12.00
# Visual Studio Version 17
VisualStudioVersion = 17.14.36429.23
MinimumVisualStudioVersion = 10.0.40219.1
Project("{FAE04EC0-301F-11D3-BF4B-00C04F79EFBC}") = "variables1", "variables1\variables1.csproj", "{89934F86-8AE5-44F9-985E-D57456A13A8B}"
EndProject
Project("{FAE04EC0-301F-11D3-BF4B-00C04F79EFBC}") = "OperadoresAritmeticos", "OperadoresAritmeticos\OperadoresAritmeticos.csproj", "{2A687C95-EAA7-469D-9C35-0792CDC5415C}"
EndProject
Project("{FAE04EC0-301F-11D3-BF4B-00C04F79EFBC}") = "DatosUsuario", "DatosUsuario\DatosUsuario.csproj", "{BFC903BC-EF7A-4156-9BA9-70936E7D21F8}"
EndProject
Project("{FAE04EC0-301F-11D3-BF4B-00C04F79EFBC}") = "EstructurasSelectivas", "EstructurasSelectivas\EstructurasSelectivas.csproj", "{2D8F38D9-A4AC-4948-A1EE-EAD91CFA65FE}"
EndProject
Global
	GlobalSection(SolutionConfigurationPlatforms) = preSolution
		Debug|Any CPU = Debug|Any CPU
		Release|Any CPU = Release|Any CPU
	EndGlobalSection
	GlobalSection(ProjectConfigurationPlatforms) = postSolution
		{89934F86-8AE5-44F9-985E-D57456A13A8B}.Debug|Any CPU.ActiveCfg = Debug|Any CPU
		{89934F86-8AE5-44F9-985E-D57456A13A8B}.Debug|Any CPU.Build.0 = Debug|Any CPU
		{89934F86-8AE5-44F9-985E-D57456A13A8B}.Release|Any CPU.ActiveCfg = Release|Any CPU
		{89934F86-8AE5-44F9-985E-D57456A13A8B}.Release|Any CPU.Build.0 = Release|Any CPU
		{2A687C95-EAA7-469D-9C35-0792CDC5415C}.Debug|Any CPU.ActiveCfg = Debug|Any CPU
		{2A687C95-EAA7-469D-9C35-0792CDC5415C}.Debug|Any CPU.Build.0 = Debug|Any CPU
		{2A687C95-EAA7-469D-9C35-0792CDC5415C}.Release|Any CPU.ActiveCfg = Release|Any CPU
		{2A687C95-EAA7-469D-9C35-0792CDC5415C}.Release|Any CPU.Build.0 = Release|Any CPU
		{BFC903BC-EF7A-4156-9BA9-70936E7D21F8}.Debug|Any CPU.ActiveCfg = Debug|Any CPU
		{BFC903BC-EF7A-4156-9BA9-70936E7D21F8}.Debug|Any CPU.Build.0 = Debug|Any CPU
		{BFC903BC-EF7A-4156-9BA9-70936E7D21F8}.Release|Any CPU.ActiveCfg = Release|Any CPU
		{BFC903BC-EF7A-4156-9BA9-70936E7D21F8}.Release|Any CPU.Build.0 = Release|Any CPU
		{2D8F38D9-A4AC-4948-A1EE-EAD91CFA65FE}.Debug|Any CPU.ActiveCfg = Debug|Any CPU
		{2D8F38D9-A4AC-4948-A1EE-EAD91CFA65FE}.Debug|Any CPU.Build.0 = Debug|Any CPU
		{2D8F38D9-A4AC-4948-A1EE-EAD91CFA65FE}.Release|Any CPU.ActiveCfg = Release|Any CPU
		{2D8F38D9-A4AC-4948-A1EE-EAD91CFA65FE}.Release|Any CPU.Build.0 = Release|Any CPU
	EndGlobalSection
	GlobalSection(SolutionProperties) = preSolution
		HideSolutionNode = FALSE
	EndGlobalSection
	GlobalSection(ExtensibilityGlobals) = postSolution
		SolutionGuid = {FD6C7C4D-54F7-46C4-9CF6-86263CA01DF3}
	EndGlobalSection
EndGlobal
